
Microsoft Visual Studio Solution File, Format Version 12.00
# Visual Studio Version 16
VisualStudioVersion = 16.0.31911.196
MinimumVisualStudioVersion = 10.0.40219.1
Project("{9A19103F-16F7-4668-BE54-9A1E7A4F7556}") = "ES.DATACONTEXT", "ES.DATACONTEXT\ES.DATACONTEXT.csproj", "{2348FDAC-FA25-43DC-9A1C-979721D67361}"
EndProject
Project("{9A19103F-16F7-4668-BE54-9A1E7A4F7556}") = "ES.LOGGER", "ES.LOGGER\ES.LOGGER.csproj", "{3D8FDBE4-50B5-4049-842E-C13E612E3E86}"
EndProject
Project("{9A19103F-16F7-4668-BE54-9A1E7A4F7556}") = "ES.MODEL", "ES.MODEL\ES.MODEL.csproj", "{F6CFCA81-2DC5-4BB3-B201-993D349E17E6}"
EndProject
Project("{9A19103F-16F7-4668-BE54-9A1E7A4F7556}") = "ES.SERVICE", "ES.SERVICE\ES.SERVICE.csproj", "{525592A6-D61D-44F1-BBFF-F11CF543B3C0}"
	ProjectSection(ProjectDependencies) = postProject
		{C0427C40-31F1-4984-835F-0C0500C34659} = {C0427C40-31F1-4984-835F-0C0500C34659}
		{F6CFCA81-2DC5-4BB3-B201-993D349E17E6} = {F6CFCA81-2DC5-4BB3-B201-993D349E17E6}
		{2348FDAC-FA25-43DC-9A1C-979721D67361} = {2348FDAC-FA25-43DC-9A1C-979721D67361}
		{3D8FDBE4-50B5-4049-842E-C13E612E3E86} = {3D8FDBE4-50B5-4049-842E-C13E612E3E86}
	EndProjectSection
EndProject
Project("{9A19103F-16F7-4668-BE54-9A1E7A4F7556}") = "ES.UTILITIES", "ES.UTILITIES\ES.UTILITIES.csproj", "{C0427C40-31F1-4984-835F-0C0500C34659}"
EndProject
Project("{2150E333-8FDC-42A3-9474-1A3956D46DE8}") = "Presentation", "Presentation", "{4A0ADEC9-337D-4EC8-86B7-54FBA0ACBA46}"
EndProject
Project("{9A19103F-16F7-4668-BE54-9A1E7A4F7556}") = "ES.PORTAL", "ES.PORTAL\ES.PORTAL.csproj", "{34BBB5A8-0E3A-4AF5-B75C-A1BB25B881DC}"
EndProject
Project("{2150E333-8FDC-42A3-9474-1A3956D46DE8}") = "Libraries", "Libraries", "{6597BD28-56CF-42E2-8057-A83017DE6FC8}"
EndProject
Global
	GlobalSection(SolutionConfigurationPlatforms) = preSolution
		Debug|Any CPU = Debug|Any CPU
		Release|Any CPU = Release|Any CPU
	EndGlobalSection
	GlobalSection(ProjectConfigurationPlatforms) = postSolution
		{2348FDAC-FA25-43DC-9A1C-979721D67361}.Debug|Any CPU.ActiveCfg = Debug|Any CPU
		{2348FDAC-FA25-43DC-9A1C-979721D67361}.Debug|Any CPU.Build.0 = Debug|Any CPU
		{2348FDAC-FA25-43DC-9A1C-979721D67361}.Release|Any CPU.ActiveCfg = Release|Any CPU
		{2348FDAC-FA25-43DC-9A1C-979721D67361}.Release|Any CPU.Build.0 = Release|Any CPU
		{3D8FDBE4-50B5-4049-842E-C13E612E3E86}.Debug|Any CPU.ActiveCfg = Debug|Any CPU
		{3D8FDBE4-50B5-4049-842E-C13E612E3E86}.Debug|Any CPU.Build.0 = Debug|Any CPU
		{3D8FDBE4-50B5-4049-842E-C13E612E3E86}.Release|Any CPU.ActiveCfg = Release|Any CPU
		{3D8FDBE4-50B5-4049-842E-C13E612E3E86}.Release|Any CPU.Build.0 = Release|Any CPU
		{F6CFCA81-2DC5-4BB3-B201-993D349E17E6}.Debug|Any CPU.ActiveCfg = Debug|Any CPU
		{F6CFCA81-2DC5-4BB3-B201-993D349E17E6}.Debug|Any CPU.Build.0 = Debug|Any CPU
		{F6CFCA81-2DC5-4BB3-B201-993D349E17E6}.Release|Any CPU.ActiveCfg = Release|Any CPU
		{F6CFCA81-2DC5-4BB3-B201-993D349E17E6}.Release|Any CPU.Build.0 = Release|Any CPU
		{525592A6-D61D-44F1-BBFF-F11CF543B3C0}.Debug|Any CPU.ActiveCfg = Debug|Any CPU
		{525592A6-D61D-44F1-BBFF-F11CF543B3C0}.Debug|Any CPU.Build.0 = Debug|Any CPU
		{525592A6-D61D-44F1-BBFF-F11CF543B3C0}.Release|Any CPU.ActiveCfg = Release|Any CPU
		{525592A6-D61D-44F1-BBFF-F11CF543B3C0}.Release|Any CPU.Build.0 = Release|Any CPU
		{C0427C40-31F1-4984-835F-0C0500C34659}.Debug|Any CPU.ActiveCfg = Debug|Any CPU
		{C0427C40-31F1-4984-835F-0C0500C34659}.Debug|Any CPU.Build.0 = Debug|Any CPU
		{C0427C40-31F1-4984-835F-0C0500C34659}.Release|Any CPU.ActiveCfg = Release|Any CPU
		{C0427C40-31F1-4984-835F-0C0500C34659}.Release|Any CPU.Build.0 = Release|Any CPU
		{34BBB5A8-0E3A-4AF5-B75C-A1BB25B881DC}.Debug|Any CPU.ActiveCfg = Debug|Any CPU
		{34BBB5A8-0E3A-4AF5-B75C-A1BB25B881DC}.Debug|Any CPU.Build.0 = Debug|Any CPU
		{34BBB5A8-0E3A-4AF5-B75C-A1BB25B881DC}.Release|Any CPU.ActiveCfg = Release|Any CPU
		{34BBB5A8-0E3A-4AF5-B75C-A1BB25B881DC}.Release|Any CPU.Build.0 = Release|Any CPU
	EndGlobalSection
	GlobalSection(SolutionProperties) = preSolution
		HideSolutionNode = FALSE
	EndGlobalSection
	GlobalSection(NestedProjects) = preSolution
		{2348FDAC-FA25-43DC-9A1C-979721D67361} = {6597BD28-56CF-42E2-8057-A83017DE6FC8}
		{3D8FDBE4-50B5-4049-842E-C13E612E3E86} = {6597BD28-56CF-42E2-8057-A83017DE6FC8}
		{F6CFCA81-2DC5-4BB3-B201-993D349E17E6} = {6597BD28-56CF-42E2-8057-A83017DE6FC8}
		{525592A6-D61D-44F1-BBFF-F11CF543B3C0} = {6597BD28-56CF-42E2-8057-A83017DE6FC8}
		{C0427C40-31F1-4984-835F-0C0500C34659} = {6597BD28-56CF-42E2-8057-A83017DE6FC8}
		{34BBB5A8-0E3A-4AF5-B75C-A1BB25B881DC} = {4A0ADEC9-337D-4EC8-86B7-54FBA0ACBA46}
	EndGlobalSection
	GlobalSection(ExtensibilityGlobals) = postSolution
		SolutionGuid = {3104FE77-CE13-42A1-93CA-F6F834FA5429}
	EndGlobalSection
EndGlobal
